
Microsoft Visual Studio Solution File, Format Version 12.00
# Visual Studio Version 16
VisualStudioVersion = 16.0.30204.135
MinimumVisualStudioVersion = 10.0.40219.1
Project("{FAE04EC0-301F-11D3-BF4B-00C04F79EFBC}") = "DM_Xamarin1.Android", "DM_Xamarin1.Android\DM_Xamarin1.Android.csproj", "{26947AE1-CE39-4880-8F84-1C9AE59A2B1B}"
EndProject
Project("{FAE04EC0-301F-11D3-BF4B-00C04F79EFBC}") = "DM_Xamarin1.iOS", "DM_Xamarin1.iOS\DM_Xamarin1.iOS.csproj", "{8875AC88-D9F9-4DC3-879B-E2F6C9A68224}"
EndProject
Project("{FAE04EC0-301F-11D3-BF4B-00C04F79EFBC}") = "DM_Xamarin1", "DM_Xamarin1\DM_Xamarin1.csproj", "{292D1855-4C7F-4739-AB54-A7BC613CA94C}"
EndProject
Global
	GlobalSection(SolutionConfigurationPlatforms) = preSolution
		Debug|Any CPU = Debug|Any CPU
		Debug|iPhone = Debug|iPhone
		Debug|iPhoneSimulator = Debug|iPhoneSimulator
		Release|Any CPU = Release|Any CPU
		Release|iPhone = Release|iPhone
		Release|iPhoneSimulator = Release|iPhoneSimulator
	EndGlobalSection
	GlobalSection(ProjectConfigurationPlatforms) = postSolution
		{26947AE1-CE39-4880-8F84-1C9AE59A2B1B}.Debug|Any CPU.ActiveCfg = Debug|Any CPU
		{26947AE1-CE39-4880-8F84-1C9AE59A2B1B}.Debug|Any CPU.Build.0 = Debug|Any CPU
		{26947AE1-CE39-4880-8F84-1C9AE59A2B1B}.Debug|Any CPU.Deploy.0 = Debug|Any CPU
		{26947AE1-CE39-4880-8F84-1C9AE59A2B1B}.Debug|iPhone.ActiveCfg = Debug|Any CPU
		{26947AE1-CE39-4880-8F84-1C9AE59A2B1B}.Debug|iPhone.Build.0 = Debug|Any CPU
		{26947AE1-CE39-4880-8F84-1C9AE59A2B1B}.Debug|iPhone.Deploy.0 = Debug|Any CPU
		{26947AE1-CE39-4880-8F84-1C9AE59A2B1B}.Debug|iPhoneSimulator.ActiveCfg = Debug|Any CPU
		{26947AE1-CE39-4880-8F84-1C9AE59A2B1B}.Debug|iPhoneSimulator.Build.0 = Debug|Any CPU
		{26947AE1-CE39-4880-8F84-1C9AE59A2B1B}.Debug|iPhoneSimulator.Deploy.0 = Debug|Any CPU
		{26947AE1-CE39-4880-8F84-1C9AE59A2B1B}.Release|Any CPU.ActiveCfg = Release|Any CPU
		{26947AE1-CE39-4880-8F84-1C9AE59A2B1B}.Release|Any CPU.Build.0 = Release|Any CPU
		{26947AE1-CE39-4880-8F84-1C9AE59A2B1B}.Release|Any CPU.Deploy.0 = Release|Any CPU
		{26947AE1-CE39-4880-8F84-1C9AE59A2B1B}.Release|iPhone.ActiveCfg = Release|Any CPU
		{26947AE1-CE39-4880-8F84-1C9AE59A2B1B}.Release|iPhone.Build.0 = Release|Any CPU
		{26947AE1-CE39-4880-8F84-1C9AE59A2B1B}.Release|iPhone.Deploy.0 = Release|Any CPU
		{26947AE1-CE39-4880-8F84-1C9AE59A2B1B}.Release|iPhoneSimulator.ActiveCfg = Release|Any CPU
		{26947AE1-CE39-4880-8F84-1C9AE59A2B1B}.Release|iPhoneSimulator.Build.0 = Release|Any CPU
		{26947AE1-CE39-4880-8F84-1C9AE59A2B1B}.Release|iPhoneSimulator.Deploy.0 = Release|Any CPU
		{8875AC88-D9F9-4DC3-879B-E2F6C9A68224}.Debug|Any CPU.ActiveCfg = Debug|iPhone
		{8875AC88-D9F9-4DC3-879B-E2F6C9A68224}.Debug|Any CPU.Build.0 = Debug|iPhone
		{8875AC88-D9F9-4DC3-879B-E2F6C9A68224}.Debug|Any CPU.Deploy.0 = Debug|iPhone
		{8875AC88-D9F9-4DC3-879B-E2F6C9A68224}.Debug|iPhone.ActiveCfg = Debug|iPhone
		{8875AC88-D9F9-4DC3-879B-E2F6C9A68224}.Debug|iPhone.Build.0 = Debug|iPhone
		{8875AC88-D9F9-4DC3-879B-E2F6C9A68224}.Debug|iPhone.Deploy.0 = Debug|iPhone
		{8875AC88-D9F9-4DC3-879B-E2F6C9A68224}.Debug|iPhoneSimulator.ActiveCfg = Debug|iPhoneSimulator
		{8875AC88-D9F9-4DC3-879B-E2F6C9A68224}.Debug|iPhoneSimulator.Build.0 = Debug|iPhoneSimulator
		{8875AC88-D9F9-4DC3-879B-E2F6C9A68224}.Debug|iPhoneSimulator.Deploy.0 = Debug|iPhoneSimulator
		{8875AC88-D9F9-4DC3-879B-E2F6C9A68224}.Release|Any CPU.ActiveCfg = Release|iPhone
		{8875AC88-D9F9-4DC3-879B-E2F6C9A68224}.Release|Any CPU.Build.0 = Release|iPhone
		{8875AC88-D9F9-4DC3-879B-E2F6C9A68224}.Release|Any CPU.Deploy.0 = Release|iPhone
		{8875AC88-D9F9-4DC3-879B-E2F6C9A68224}.Release|iPhone.ActiveCfg = Release|iPhone
		{8875AC88-D9F9-4DC3-879B-E2F6C9A68224}.Release|iPhone.Build.0 = Release|iPhone
		{8875AC88-D9F9-4DC3-879B-E2F6C9A68224}.Release|iPhone.Deploy.0 = Release|iPhone
		{8875AC88-D9F9-4DC3-879B-E2F6C9A68224}.Release|iPhoneSimulator.ActiveCfg = Release|iPhoneSimulator
		{8875AC88-D9F9-4DC3-879B-E2F6C9A68224}.Release|iPhoneSimulator.Build.0 = Release|iPhoneSimulator
		{8875AC88-D9F9-4DC3-879B-E2F6C9A68224}.Release|iPhoneSimulator.Deploy.0 = Release|iPhoneSimulator
		{292D1855-4C7F-4739-AB54-A7BC613CA94C}.Debug|Any CPU.ActiveCfg = Debug|Any CPU
		{292D1855-4C7F-4739-AB54-A7BC613CA94C}.Debug|Any CPU.Build.0 = Debug|Any CPU
		{292D1855-4C7F-4739-AB54-A7BC613CA94C}.Debug|Any CPU.Deploy.0 = Debug|Any CPU
		{292D1855-4C7F-4739-AB54-A7BC613CA94C}.Debug|iPhone.ActiveCfg = Debug|Any CPU
		{292D1855-4C7F-4739-AB54-A7BC613CA94C}.Debug|iPhone.Build.0 = Debug|Any CPU
		{292D1855-4C7F-4739-AB54-A7BC613CA94C}.Debug|iPhone.Deploy.0 = Debug|Any CPU
		{292D1855-4C7F-4739-AB54-A7BC613CA94C}.Debug|iPhoneSimulator.ActiveCfg = Debug|Any CPU
		{292D1855-4C7F-4739-AB54-A7BC613CA94C}.Debug|iPhoneSimulator.Build.0 = Debug|Any CPU
		{292D1855-4C7F-4739-AB54-A7BC613CA94C}.Debug|iPhoneSimulator.Deploy.0 = Debug|Any CPU
		{292D1855-4C7F-4739-AB54-A7BC613CA94C}.Release|Any CPU.ActiveCfg = Release|Any CPU
		{292D1855-4C7F-4739-AB54-A7BC613CA94C}.Release|Any CPU.Build.0 = Release|Any CPU
		{292D1855-4C7F-4739-AB54-A7BC613CA94C}.Release|Any CPU.Deploy.0 = Release|Any CPU
		{292D1855-4C7F-4739-AB54-A7BC613CA94C}.Release|iPhone.ActiveCfg = Release|Any CPU
		{292D1855-4C7F-4739-AB54-A7BC613CA94C}.Release|iPhone.Build.0 = Release|Any CPU
		{292D1855-4C7F-4739-AB54-A7BC613CA94C}.Release|iPhone.Deploy.0 = Release|Any CPU
		{292D1855-4C7F-4739-AB54-A7BC613CA94C}.Release|iPhoneSimulator.ActiveCfg = Release|Any CPU
		{292D1855-4C7F-4739-AB54-A7BC613CA94C}.Release|iPhoneSimulator.Build.0 = Release|Any CPU
		{292D1855-4C7F-4739-AB54-A7BC613CA94C}.Release|iPhoneSimulator.Deploy.0 = Release|Any CPU
	EndGlobalSection
	GlobalSection(SolutionProperties) = preSolution
		HideSolutionNode = FALSE
	EndGlobalSection
	GlobalSection(ExtensibilityGlobals) = postSolution
		SolutionGuid = {BC001CE6-B034-417A-9590-D35B66732A38}
	EndGlobalSection
EndGlobal
